lockfileVersion: 5.3

specifiers:
  promises-aplus-tests: ^2.1.2

devDependencies:
  promises-aplus-tests: registry.npmmirror.com/promises-aplus-tests/2.1.2

packages:

  registry.npmmirror.com/available-typed-arrays/1.0.5:
    resolution: {integrity: sha512-DMD0KiN46eipeziST1LPP/STfDU0sufISXmjSgvVsoU2tqxctQeASejWcfNtxYKqETM1UxQ8sp2OrSBWpHY6sw==, registry: https://registry.npm.taobao.org/, tarball: https://registry.npmmirror.com/available-typed-arrays/-/available-typed-arrays-1.0.5.tgz}
    name: available-typed-arrays
    version: 1.0.5
    engines: {node: '>= 0.4'}
    dev: true

  registry.npmmirror.com/call-bind/1.0.2:
    resolution: {integrity: sha512-7O+FbCihrB5WGbFYesctwmTKae6rOiIzmz1icreWJ+0aA7LJfuqhEso2T9ncpcFtzMQtzXf2QGGueWJGTYsqrA==, registry: https://registry.npm.taobao.org/, tarball: https://registry.npmmirror.com/call-bind/-/call-bind-1.0.2.tgz}
    name: call-bind
    version: 1.0.2
    dependencies:
      function-bind: registry.npmmirror.com/function-bind/1.1.1
      get-intrinsic: registry.npmmirror.com/get-intrinsic/1.1.2
    dev: true

  registry.npmmirror.com/commander/0.6.1:
    resolution: {integrity: sha512-0fLycpl1UMTGX257hRsu/arL/cUbcvQM4zMKwvLvzXtfdezIV4yotPS2dYtknF+NmEfWSoCEF6+hj9XLm/6hEw==, registry: https://registry.npm.taobao.org/, tarball: https://registry.npmmirror.com/commander/-/commander-0.6.1.tgz}
    name: commander
    version: 0.6.1
    engines: {node: '>= 0.4.x'}
    dev: true

  registry.npmmirror.com/commander/2.3.0:
    resolution: {integrity: sha512-CD452fnk0jQyk3NfnK+KkR/hUPoHt5pVaKHogtyyv3N0U4QfAal9W0/rXLOg/vVZgQKa7jdtXypKs1YAip11uQ==, registry: https://registry.npm.taobao.org/, tarball: https://registry.npmmirror.com/commander/-/commander-2.3.0.tgz}
    name: commander
    version: 2.3.0
    engines: {node: '>= 0.6.x'}
    dev: true

  registry.npmmirror.com/debug/2.2.0:
    resolution: {integrity: sha512-X0rGvJcskG1c3TgSCPqHJ0XJgwlcvOC7elJ5Y0hYuKBZoVqWpAMfLOeIh2UI/DCQ5ruodIjvsugZtjUYUw2pUw==, registry: https://registry.npm.taobao.org/, tarball: https://registry.npmmirror.com/debug/-/debug-2.2.0.tgz}
    name: debug
    version: 2.2.0
    dependencies:
      ms: registry.npmmirror.com/ms/0.7.1
    dev: true

  registry.npmmirror.com/define-properties/1.1.4:
    resolution: {integrity: sha512-uckOqKcfaVvtBdsVkdPv3XjveQJsNQqmhXgRi8uhvWWuPYZCNlzT8qAyblUgNoXdHdjMTzAqeGjAoli8f+bzPA==, registry: https://registry.npm.taobao.org/, tarball: https://registry.npmmirror.com/define-properties/-/define-properties-1.1.4.tgz}
    name: define-properties
    version: 1.1.4
    engines: {node: '>= 0.4'}
    dependencies:
      has-property-descriptors: registry.npmmirror.com/has-property-descriptors/1.0.0
      object-keys: registry.npmmirror.com/object-keys/1.1.1
    dev: true

  registry.npmmirror.com/diff/1.4.0:
    resolution: {integrity: sha512-VzVc42hMZbYU9Sx/ltb7KYuQ6pqAw+cbFWVy4XKdkuEL2CFaRLGEnISPs7YdzaUGpi+CpIqvRmu7hPQ4T7EQ5w==, registry: https://registry.npm.taobao.org/, tarball: https://registry.npmmirror.com/diff/-/diff-1.4.0.tgz}
    name: diff
    version: 1.4.0
    engines: {node: '>=0.3.1'}
    dev: true

  registry.npmmirror.com/es-abstract/1.20.2:
    resolution: {integrity: sha512-XxXQuVNrySBNlEkTYJoDNFe5+s2yIOpzq80sUHEdPdQr0S5nTLz4ZPPPswNIpKseDDUS5yghX1gfLIHQZ1iNuQ==, registry: https://registry.npm.taobao.org/, tarball: https://registry.npmmirror.com/es-abstract/-/es-abstract-1.20.2.tgz}
    name: es-abstract
    version: 1.20.2
    engines: {node: '>= 0.4'}
    dependencies:
      call-bind: registry.npmmirror.com/call-bind/1.0.2
      es-to-primitive: registry.npmmirror.com/es-to-primitive/1.2.1
      function-bind: registry.npmmirror.com/function-bind/1.1.1
      function.prototype.name: registry.npmmirror.com/function.prototype.name/1.1.5
      get-intrinsic: registry.npmmirror.com/get-intrinsic/1.1.2
      get-symbol-description: registry.npmmirror.com/get-symbol-description/1.0.0
      has: registry.npmmirror.com/has/1.0.3
      has-property-descriptors: registry.npmmirror.com/has-property-descriptors/1.0.0
      has-symbols: registry.npmmirror.com/has-symbols/1.0.3
      internal-slot: registry.npmmirror.com/internal-slot/1.0.3
      is-callable: registry.npmmirror.com/is-callable/1.2.4
      is-negative-zero: registry.npmmirror.com/is-negative-zero/2.0.2
      is-regex: registry.npmmirror.com/is-regex/1.1.4
      is-shared-array-buffer: registry.npmmirror.com/is-shared-array-buffer/1.0.2
      is-string: registry.npmmirror.com/is-string/1.0.7
      is-weakref: registry.npmmirror.com/is-weakref/1.0.2
      object-inspect: registry.npmmirror.com/object-inspect/1.12.2
      object-keys: registry.npmmirror.com/object-keys/1.1.1
      object.assign: registry.npmmirror.com/object.assign/4.1.4
      regexp.prototype.flags: registry.npmmirror.com/regexp.prototype.flags/1.4.3
      string.prototype.trimend: registry.npmmirror.com/string.prototype.trimend/1.0.5
      string.prototype.trimstart: registry.npmmirror.com/string.prototype.trimstart/1.0.5
      unbox-primitive: registry.npmmirror.com/unbox-primitive/1.0.2
    dev: true

  registry.npmmirror.com/es-to-primitive/1.2.1:
    resolution: {integrity: sha512-QCOllgZJtaUo9miYBcLChTUaHNjJF3PYs1VidD7AwiEj1kYxKeQTctLAezAOH5ZKRH0g2IgPn6KwB4IT8iRpvA==, registry: https://registry.npm.taobao.org/, tarball: https://registry.npmmirror.com/es-to-primitive/-/es-to-primitive-1.2.1.tgz}
    name: es-to-primitive
    version: 1.2.1
    engines: {node: '>= 0.4'}
    dependencies:
      is-callable: registry.npmmirror.com/is-callable/1.2.4
      is-date-object: registry.npmmirror.com/is-date-object/1.0.5
      is-symbol: registry.npmmirror.com/is-symbol/1.0.4
    dev: true

  registry.npmmirror.com/escape-string-regexp/1.0.2:
    resolution: {integrity: sha512-cQpUid7bdTUnFin8S7BnNdOk+/eDqQmKgCANSyd/jAhrKEvxUvr9VQ8XZzXiOtest8NLfk3FSBZzwvemZNQ6Vg==, registry: https://registry.npm.taobao.org/, tarball: https://registry.npmmirror.com/escape-string-regexp/-/escape-string-regexp-1.0.2.tgz}
    name: escape-string-regexp
    version: 1.0.2
    engines: {node: '>=0.8.0'}
    dev: true

  registry.npmmirror.com/for-each/0.3.3:
    resolution: {integrity: sha512-jqYfLp7mo9vIyQf8ykW2v7A+2N4QjeCeI5+Dz9XraiO1ign81wjiH7Fb9vSOWvQfNtmSa4H2RoQTrrXivdUZmw==, registry: https://registry.npm.taobao.org/, tarball: https://registry.npmmirror.com/for-each/-/for-each-0.3.3.tgz}
    name: for-each
    version: 0.3.3
    dependencies:
      is-callable: registry.npmmirror.com/is-callable/1.2.4
    dev: true

  registry.npmmirror.com/formatio/1.1.1:
    resolution: {integrity: sha512-cPh7is6k3d8tIUh+pnXXuAbD/uhSXGgqLPw0UrYpv5lfdJ+MMMSjx40JNpqP7Top9Nt25YomWEiRmkHbOvkCaA==, registry: https://registry.npm.taobao.org/, tarball: https://registry.npmmirror.com/formatio/-/formatio-1.1.1.tgz}
    name: formatio
    version: 1.1.1
    deprecated: This package is unmaintained. Use @sinonjs/formatio instead
    dependencies:
      samsam: registry.npmmirror.com/samsam/1.1.2
    dev: true

  registry.npmmirror.com/function-bind/1.1.1:
    resolution: {integrity: sha512-yIovAzMX49sF8Yl58fSCWJ5svSLuaibPxXQJFLmBObTuCr0Mf1KiPopGM9NiFjiYBCbfaa2Fh6breQ6ANVTI0A==, registry: https://registry.npm.taobao.org/, tarball: https://registry.npmmirror.com/function-bind/-/function-bind-1.1.1.tgz}
    name: function-bind
    version: 1.1.1
    dev: true

  registry.npmmirror.com/function.prototype.name/1.1.5:
    resolution: {integrity: sha512-uN7m/BzVKQnCUF/iW8jYea67v++2u7m5UgENbHRtdDVclOUP+FMPlCNdmk0h/ysGyo2tavMJEDqJAkJdRa1vMA==, registry: https://registry.npm.taobao.org/, tarball: https://registry.npmmirror.com/function.prototype.name/-/function.prototype.name-1.1.5.tgz}
    name: function.prototype.name
    version: 1.1.5
    engines: {node: '>= 0.4'}
    dependencies:
      call-bind: registry.npmmirror.com/call-bind/1.0.2
      define-properties: registry.npmmirror.com/define-properties/1.1.4
      es-abstract: registry.npmmirror.com/es-abstract/1.20.2
      functions-have-names: registry.npmmirror.com/functions-have-names/1.2.3
    dev: true

  registry.npmmirror.com/functions-have-names/1.2.3:
    resolution: {integrity: sha512-xckBUXyTIqT97tq2x2AMb+g163b5JFysYk0x4qxNFwbfQkmNZoiRHb6sPzI9/QV33WeuvVYBUIiD4NzNIyqaRQ==, registry: https://registry.npm.taobao.org/, tarball: https://registry.npmmirror.com/functions-have-names/-/functions-have-names-1.2.3.tgz}
    name: functions-have-names
    version: 1.2.3
    dev: true

  registry.npmmirror.com/get-intrinsic/1.1.2:
    resolution: {integrity: sha512-Jfm3OyCxHh9DJyc28qGk+JmfkpO41A4XkneDSujN9MDXrm4oDKdHvndhZ2dN94+ERNfkYJWDclW6k2L/ZGHjXA==, registry: https://registry.npm.taobao.org/, tarball: https://registry.npmmirror.com/get-intrinsic/-/get-intrinsic-1.1.2.tgz}
    name: get-intrinsic
    version: 1.1.2
    dependencies:
      function-bind: registry.npmmirror.com/function-bind/1.1.1
      has: registry.npmmirror.com/has/1.0.3
      has-symbols: registry.npmmirror.com/has-symbols/1.0.3
    dev: true

  registry.npmmirror.com/get-symbol-description/1.0.0:
    resolution: {integrity: sha512-2EmdH1YvIQiZpltCNgkuiUnyukzxM/R6NDJX31Ke3BG1Nq5b0S2PhX59UKi9vZpPDQVdqn+1IcaAwnzTT5vCjw==, registry: https://registry.npm.taobao.org/, tarball: https://registry.npmmirror.com/get-symbol-description/-/get-symbol-description-1.0.0.tgz}
    name: get-symbol-description
    version: 1.0.0
    engines: {node: '>= 0.4'}
    dependencies:
      call-bind: registry.npmmirror.com/call-bind/1.0.2
      get-intrinsic: registry.npmmirror.com/get-intrinsic/1.1.2
    dev: true

  registry.npmmirror.com/glob/3.2.11:
    resolution: {integrity: sha512-hVb0zwEZwC1FXSKRPFTeOtN7AArJcJlI6ULGLtrstaswKNlrTJqAA+1lYlSUop4vjA423xlBzqfVS3iWGlqJ+g==, registry: https://registry.npm.taobao.org/, tarball: https://registry.npmmirror.com/glob/-/glob-3.2.11.tgz}
    name: glob
    version: 3.2.11
    dependencies:
      inherits: registry.npmmirror.com/inherits/2.0.4
      minimatch: registry.npmmirror.com/minimatch/0.3.0
    dev: true

  registry.npmmirror.com/growl/1.9.2:
    resolution: {integrity: sha512-RTBwDHhNuOx4F0hqzItc/siXCasGfC4DeWcBamclWd+6jWtBaeB/SGbMkGf0eiQoW7ib8JpvOgnUsmgMHI3Mfw==, registry: https://registry.npm.taobao.org/, tarball: https://registry.npmmirror.com/growl/-/growl-1.9.2.tgz}
    name: growl
    version: 1.9.2
    dev: true

  registry.npmmirror.com/has-bigints/1.0.2:
    resolution: {integrity: sha512-tSvCKtBr9lkF0Ex0aQiP9N+OpV4zi2r/Nee5VkRDbaqv35RLYMzbwQfFSZZH0kR+Rd6302UJZ2p/bJCEoR3VoQ==, registry: https://registry.npm.taobao.org/, tarball: https://registry.npmmirror.com/has-bigints/-/has-bigints-1.0.2.tgz}
    name: has-bigints
    version: 1.0.2
    dev: true

  registry.npmmirror.com/has-property-descriptors/1.0.0:
    resolution: {integrity: sha512-62DVLZGoiEBDHQyqG4w9xCuZ7eJEwNmJRWw2VY84Oedb7WFcA27fiEVe8oUQx9hAUJ4ekurquucTGwsyO1XGdQ==, registry: https://registry.npm.taobao.org/, tarball: https://registry.npmmirror.com/has-property-descriptors/-/has-property-descriptors-1.0.0.tgz}
    name: has-property-descriptors
    version: 1.0.0
    dependencies:
      get-intrinsic: registry.npmmirror.com/get-intrinsic/1.1.2
    dev: true

  registry.npmmirror.com/has-symbols/1.0.3:
    resolution: {integrity: sha512-l3LCuF6MgDNwTDKkdYGEihYjt5pRPbEg46rtlmnSPlUbgmB8LOIrKJbYYFBSbnPaJexMKtiPO8hmeRjRz2Td+A==, registry: https://registry.npm.taobao.org/, tarball: https://registry.npmmirror.com/has-symbols/-/has-symbols-1.0.3.tgz}
    name: has-symbols
    version: 1.0.3
    engines: {node: '>= 0.4'}
    dev: true

  registry.npmmirror.com/has-tostringtag/1.0.0:
    resolution: {integrity: sha512-kFjcSNhnlGV1kyoGk7OXKSawH5JOb/LzUc5w9B02hOTO0dfFRjbHQKvg1d6cf3HbeUmtU9VbbV3qzZ2Teh97WQ==, registry: https://registry.npm.taobao.org/, tarball: https://registry.npmmirror.com/has-tostringtag/-/has-tostringtag-1.0.0.tgz}
    name: has-tostringtag
    version: 1.0.0
    engines: {node: '>= 0.4'}
    dependencies:
      has-symbols: registry.npmmirror.com/has-symbols/1.0.3
    dev: true

  registry.npmmirror.com/has/1.0.3:
    resolution: {integrity: sha512-f2dvO0VU6Oej7RkWJGrehjbzMAjFp5/VKPp5tTpWIV4JHHZK1/BxbFRtf/siA2SWTe09caDmVtYYzWEIbBS4zw==, registry: https://registry.npm.taobao.org/, tarball: https://registry.npmmirror.com/has/-/has-1.0.3.tgz}
    name: has
    version: 1.0.3
    engines: {node: '>= 0.4.0'}
    dependencies:
      function-bind: registry.npmmirror.com/function-bind/1.1.1
    dev: true

  registry.npmmirror.com/inherits/2.0.4:
    resolution: {integrity: sha512-k/vGaX4/Yla3WzyMCvTQOXYeIHvqOKtnqBduzTHpzpQZzAskKMhZ2K+EnBiSM9zGSoIFeMpXKxa4dYeZIQqewQ==, registry: https://registry.npm.taobao.org/, tarball: https://registry.npmmirror.com/inherits/-/inherits-2.0.4.tgz}
    name: inherits
    version: 2.0.4
    dev: true

  registry.npmmirror.com/internal-slot/1.0.3:
    resolution: {integrity: sha512-O0DB1JC/sPyZl7cIo78n5dR7eUSwwpYPiXRhTzNxZVAMUuB8vlnRFyLxdrVToks6XPLVnFfbzaVd5WLjhgg+vA==, registry: https://registry.npm.taobao.org/, tarball: https://registry.npmmirror.com/internal-slot/-/internal-slot-1.0.3.tgz}
    name: internal-slot
    version: 1.0.3
    engines: {node: '>= 0.4'}
    dependencies:
      get-intrinsic: registry.npmmirror.com/get-intrinsic/1.1.2
      has: registry.npmmirror.com/has/1.0.3
      side-channel: registry.npmmirror.com/side-channel/1.0.4
    dev: true

  registry.npmmirror.com/is-arguments/1.1.1:
    resolution: {integrity: sha512-8Q7EARjzEnKpt/PCD7e1cgUS0a6X8u5tdSiMqXhojOdoV9TsMsiO+9VLC5vAmO8N7/GmXn7yjR8qnA6bVAEzfA==, registry: https://registry.npm.taobao.org/, tarball: https://registry.npmmirror.com/is-arguments/-/is-arguments-1.1.1.tgz}
    name: is-arguments
    version: 1.1.1
    engines: {node: '>= 0.4'}
    dependencies:
      call-bind: registry.npmmirror.com/call-bind/1.0.2
      has-tostringtag: registry.npmmirror.com/has-tostringtag/1.0.0
    dev: true

  registry.npmmirror.com/is-bigint/1.0.4:
    resolution: {integrity: sha512-zB9CruMamjym81i2JZ3UMn54PKGsQzsJeo6xvN3HJJ4CAsQNB6iRutp2To77OfCNuoxspsIhzaPoO1zyCEhFOg==, registry: https://registry.npm.taobao.org/, tarball: https://registry.npmmirror.com/is-bigint/-/is-bigint-1.0.4.tgz}
    name: is-bigint
    version: 1.0.4
    dependencies:
      has-bigints: registry.npmmirror.com/has-bigints/1.0.2
    dev: true

  registry.npmmirror.com/is-boolean-object/1.1.2:
    resolution: {integrity: sha512-gDYaKHJmnj4aWxyj6YHyXVpdQawtVLHU5cb+eztPGczf6cjuTdwve5ZIEfgXqH4e57An1D1AKf8CZ3kYrQRqYA==, registry: https://registry.npm.taobao.org/, tarball: https://registry.npmmirror.com/is-boolean-object/-/is-boolean-object-1.1.2.tgz}
    name: is-boolean-object
    version: 1.1.2
    engines: {node: '>= 0.4'}
    dependencies:
      call-bind: registry.npmmirror.com/call-bind/1.0.2
      has-tostringtag: registry.npmmirror.com/has-tostringtag/1.0.0
    dev: true

  registry.npmmirror.com/is-callable/1.2.4:
    resolution: {integrity: sha512-nsuwtxZfMX67Oryl9LCQ+upnC0Z0BgpwntpS89m1H/TLF0zNfzfLMV/9Wa/6MZsj0acpEjAO0KF1xT6ZdLl95w==, registry: https://registry.npm.taobao.org/, tarball: https://registry.npmmirror.com/is-callable/-/is-callable-1.2.4.tgz}
    name: is-callable
    version: 1.2.4
    engines: {node: '>= 0.4'}
    dev: true

  registry.npmmirror.com/is-date-object/1.0.5:
    resolution: {integrity: sha512-9YQaSxsAiSwcvS33MBk3wTCVnWK+HhF8VZR2jRxehM16QcVOdHqPn4VPHmRK4lSr38n9JriurInLcP90xsYNfQ==, registry: https://registry.npm.taobao.org/, tarball: https://registry.npmmirror.com/is-date-object/-/is-date-object-1.0.5.tgz}
    name: is-date-object
    version: 1.0.5
    engines: {node: '>= 0.4'}
    dependencies:
      has-tostringtag: registry.npmmirror.com/has-tostringtag/1.0.0
    dev: true

  registry.npmmirror.com/is-generator-function/1.0.10:
    resolution: {integrity: sha512-jsEjy9l3yiXEQ+PsXdmBwEPcOxaXWLspKdplFUVI9vq1iZgIekeC0L167qeu86czQaxed3q/Uzuw0swL0irL8A==, registry: https://registry.npm.taobao.org/, tarball: https://registry.npmmirror.com/is-generator-function/-/is-generator-function-1.0.10.tgz}
    name: is-generator-function
    version: 1.0.10
    engines: {node: '>= 0.4'}
    dependencies:
      has-tostringtag: registry.npmmirror.com/has-tostringtag/1.0.0
    dev: true

  registry.npmmirror.com/is-negative-zero/2.0.2:
    resolution: {integrity: sha512-dqJvarLawXsFbNDeJW7zAz8ItJ9cd28YufuuFzh0G8pNHjJMnY08Dv7sYX2uF5UpQOwieAeOExEYAWWfu7ZZUA==, registry: https://registry.npm.taobao.org/, tarball: https://registry.npmmirror.com/is-negative-zero/-/is-negative-zero-2.0.2.tgz}
    name: is-negative-zero
    version: 2.0.2
    engines: {node: '>= 0.4'}
    dev: true

  registry.npmmirror.com/is-number-object/1.0.7:
    resolution: {integrity: sha512-k1U0IRzLMo7ZlYIfzRu23Oh6MiIFasgpb9X76eqfFZAqwH44UI4KTBvBYIZ1dSL9ZzChTB9ShHfLkR4pdW5krQ==, registry: https://registry.npm.taobao.org/, tarball: https://registry.npmmirror.com/is-number-object/-/is-number-object-1.0.7.tgz}
    name: is-number-object
    version: 1.0.7
    engines: {node: '>= 0.4'}
    dependencies:
      has-tostringtag: registry.npmmirror.com/has-tostringtag/1.0.0
    dev: true

  registry.npmmirror.com/is-regex/1.1.4:
    resolution: {integrity: sha512-kvRdxDsxZjhzUX07ZnLydzS1TU/TJlTUHHY4YLL87e37oUA49DfkLqgy+VjFocowy29cKvcSiu+kIv728jTTVg==, registry: https://registry.npm.taobao.org/, tarball: https://registry.npmmirror.com/is-regex/-/is-regex-1.1.4.tgz}
    name: is-regex
    version: 1.1.4
    engines: {node: '>= 0.4'}
    dependencies:
      call-bind: registry.npmmirror.com/call-bind/1.0.2
      has-tostringtag: registry.npmmirror.com/has-tostringtag/1.0.0
    dev: true

  registry.npmmirror.com/is-shared-array-buffer/1.0.2:
    resolution: {integrity: sha512-sqN2UDu1/0y6uvXyStCOzyhAjCSlHceFoMKJW8W9EU9cvic/QdsZ0kEU93HEy3IUEFZIiH/3w+AH/UQbPHNdhA==, registry: https://registry.npm.taobao.org/, tarball: https://registry.npmmirror.com/is-shared-array-buffer/-/is-shared-array-buffer-1.0.2.tgz}
    name: is-shared-array-buffer
    version: 1.0.2
    dependencies:
      call-bind: registry.npmmirror.com/call-bind/1.0.2
    dev: true

  registry.npmmirror.com/is-string/1.0.7:
    resolution: {integrity: sha512-tE2UXzivje6ofPW7l23cjDOMa09gb7xlAqG6jG5ej6uPV32TlWP3NKPigtaGeHNu9fohccRYvIiZMfOOnOYUtg==, registry: https://registry.npm.taobao.org/, tarball: https://registry.npmmirror.com/is-string/-/is-string-1.0.7.tgz}
    name: is-string
    version: 1.0.7
    engines: {node: '>= 0.4'}
    dependencies:
      has-tostringtag: registry.npmmirror.com/has-tostringtag/1.0.0
    dev: true

  registry.npmmirror.com/is-symbol/1.0.4:
    resolution: {integrity: sha512-C/CPBqKWnvdcxqIARxyOh4v1UUEOCHpgDa0WYgpKDFMszcrPcffg5uhwSgPCLD2WWxmq6isisz87tzT01tuGhg==, registry: https://registry.npm.taobao.org/, tarball: https://registry.npmmirror.com/is-symbol/-/is-symbol-1.0.4.tgz}
    name: is-symbol
    version: 1.0.4
    engines: {node: '>= 0.4'}
    dependencies:
      has-symbols: registry.npmmirror.com/has-symbols/1.0.3
    dev: true

  registry.npmmirror.com/is-typed-array/1.1.9:
    resolution: {integrity: sha512-kfrlnTTn8pZkfpJMUgYD7YZ3qzeJgWUn8XfVYBARc4wnmNOmLbmuuaAs3q5fvB0UJOn6yHAKaGTPM7d6ezoD/A==, registry: https://registry.npm.taobao.org/, tarball: https://registry.npmmirror.com/is-typed-array/-/is-typed-array-1.1.9.tgz}
    name: is-typed-array
    version: 1.1.9
    engines: {node: '>= 0.4'}
    dependencies:
      available-typed-arrays: registry.npmmirror.com/available-typed-arrays/1.0.5
      call-bind: registry.npmmirror.com/call-bind/1.0.2
      es-abstract: registry.npmmirror.com/es-abstract/1.20.2
      for-each: registry.npmmirror.com/for-each/0.3.3
      has-tostringtag: registry.npmmirror.com/has-tostringtag/1.0.0
    dev: true

  registry.npmmirror.com/is-weakref/1.0.2:
    resolution: {integrity: sha512-qctsuLZmIQ0+vSSMfoVvyFe2+GSEvnmZ2ezTup1SBse9+twCCeial6EEi3Nc2KFcf6+qz2FBPnjXsk8xhKSaPQ==, registry: https://registry.npm.taobao.org/, tarball: https://registry.npmmirror.com/is-weakref/-/is-weakref-1.0.2.tgz}
    name: is-weakref
    version: 1.0.2
    dependencies:
      call-bind: registry.npmmirror.com/call-bind/1.0.2
    dev: true

  registry.npmmirror.com/jade/0.26.3:
    resolution: {integrity: sha512-mkk3vzUHFjzKjpCXeu+IjXeZD+QOTjUUdubgmHtHTDwvAO2ZTkMTTVrapts5CWz3JvJryh/4KWZpjeZrCepZ3A==, registry: https://registry.npm.taobao.org/, tarball: https://registry.npmmirror.com/jade/-/jade-0.26.3.tgz}
    name: jade
    version: 0.26.3
    deprecated: Jade has been renamed to pug, please install the latest version of pug instead of jade
    hasBin: true
    dependencies:
      commander: registry.npmmirror.com/commander/0.6.1
      mkdirp: registry.npmmirror.com/mkdirp/0.3.0
    dev: true

  registry.npmmirror.com/lolex/1.3.2:
    resolution: {integrity: sha512-YYp8cqz7/8eruZ15L1mzcPkvLYxipfdsWIDESvNdNmQP9o7TsDitRhNuV2xb7aFu2ofZngao1jiVrVZ842x4BQ==, registry: https://registry.npm.taobao.org/, tarball: https://registry.npmmirror.com/lolex/-/lolex-1.3.2.tgz}
    name: lolex
    version: 1.3.2
    dev: true

  registry.npmmirror.com/lru-cache/2.7.3:
    resolution: {integrity: sha512-WpibWJ60c3AgAz8a2iYErDrcT2C7OmKnsWhIcHOjkUHFjkXncJhtLxNSqUmxRxRunpb5I8Vprd7aNSd2NtksJQ==, registry: https://registry.npm.taobao.org/, tarball: https://registry.npmmirror.com/lru-cache/-/lru-cache-2.7.3.tgz}
    name: lru-cache
    version: 2.7.3
    dev: true

  registry.npmmirror.com/minimatch/0.3.0:
    resolution: {integrity: sha512-WFX1jI1AaxNTZVOHLBVazwTWKaQjoykSzCBNXB72vDTCzopQGtyP91tKdFK5cv1+qMwPyiTu1HqUriqplI8pcA==, registry: https://registry.npm.taobao.org/, tarball: https://registry.npmmirror.com/minimatch/-/minimatch-0.3.0.tgz}
    name: minimatch
    version: 0.3.0
    deprecated: Please update to minimatch 3.0.2 or higher to avoid a RegExp DoS issue
    dependencies:
      lru-cache: registry.npmmirror.com/lru-cache/2.7.3
      sigmund: registry.npmmirror.com/sigmund/1.0.1
    dev: true

  registry.npmmirror.com/minimist/0.0.8:
    resolution: {integrity: sha512-miQKw5Hv4NS1Psg2517mV4e4dYNaO3++hjAvLOAzKqZ61rH8NS1SK+vbfBWZ5PY/Me/bEWhUwqMghEW5Fb9T7Q==, registry: https://registry.npm.taobao.org/, tarball: https://registry.npmmirror.com/minimist/-/minimist-0.0.8.tgz}
    name: minimist
    version: 0.0.8
    dev: true

  registry.npmmirror.com/mkdirp/0.3.0:
    resolution: {integrity: sha512-OHsdUcVAQ6pOtg5JYWpCBo9W/GySVuwvP9hueRMW7UqshC0tbfzLv8wjySTPm3tfUZ/21CE9E1pJagOA91Pxew==, registry: https://registry.npm.taobao.org/, tarball: https://registry.npmmirror.com/mkdirp/-/mkdirp-0.3.0.tgz}
    name: mkdirp
    version: 0.3.0
    deprecated: Legacy versions of mkdirp are no longer supported. Please update to mkdirp 1.x. (Note that the API surface has changed to use Promises in 1.x.)
    dev: true

  registry.npmmirror.com/mkdirp/0.5.1:
    resolution: {integrity: sha512-SknJC52obPfGQPnjIkXbmA6+5H15E+fR+E4iR2oQ3zzCLbd7/ONua69R/Gw7AgkTLsRG+r5fzksYwWe1AgTyWA==, registry: https://registry.npm.taobao.org/, tarball: https://registry.npmmirror.com/mkdirp/-/mkdirp-0.5.1.tgz}
    name: mkdirp
    version: 0.5.1
    deprecated: Legacy versions of mkdirp are no longer supported. Please update to mkdirp 1.x. (Note that the API surface has changed to use Promises in 1.x.)
    hasBin: true
    dependencies:
      minimist: registry.npmmirror.com/minimist/0.0.8
    dev: true

  registry.npmmirror.com/mocha/2.5.3:
    resolution: {integrity: sha512-jNt2iEk9FPmZLzL+sm4FNyOIDYXf2wUU6L4Cc8OIKK/kzgMHKPi4YhTZqG4bW4kQVdIv6wutDybRhXfdnujA1Q==, registry: https://registry.npm.taobao.org/, tarball: https://registry.npmmirror.com/mocha/-/mocha-2.5.3.tgz}
    name: mocha
    version: 2.5.3
    engines: {node: '>= 0.8.x'}
    hasBin: true
    dependencies:
      commander: registry.npmmirror.com/commander/2.3.0
      debug: registry.npmmirror.com/debug/2.2.0
      diff: registry.npmmirror.com/diff/1.4.0
      escape-string-regexp: registry.npmmirror.com/escape-string-regexp/1.0.2
      glob: registry.npmmirror.com/glob/3.2.11
      growl: registry.npmmirror.com/growl/1.9.2
      jade: registry.npmmirror.com/jade/0.26.3
      mkdirp: registry.npmmirror.com/mkdirp/0.5.1
      supports-color: registry.npmmirror.com/supports-color/1.2.0
      to-iso-string: registry.npmmirror.com/to-iso-string/0.0.2
    dev: true

  registry.npmmirror.com/ms/0.7.1:
    resolution: {integrity: sha512-lRLiIR9fSNpnP6TC4v8+4OU7oStC01esuNowdQ34L+Gk8e5Puoc88IqJ+XAY/B3Mn2ZKis8l8HX90oU8ivzUHg==, registry: https://registry.npm.taobao.org/, tarball: https://registry.npmmirror.com/ms/-/ms-0.7.1.tgz}
    name: ms
    version: 0.7.1
    dev: true

  registry.npmmirror.com/object-inspect/1.12.2:
    resolution: {integrity: sha512-z+cPxW0QGUp0mcqcsgQyLVRDoXFQbXOwBaqyF7VIgI4TWNQsDHrBpUQslRmIfAoYWdYzs6UlKJtB2XJpTaNSpQ==, registry: https://registry.npm.taobao.org/, tarball: https://registry.npmmirror.com/object-inspect/-/object-inspect-1.12.2.tgz}
    name: object-inspect
    version: 1.12.2
    dev: true

  registry.npmmirror.com/object-keys/1.1.1:
    resolution: {integrity: sha512-NuAESUOUMrlIXOfHKzD6bpPu3tYt3xvjNdRIQ+FeT0lNb4K8WR70CaDxhuNguS2XG+GjkyMwOzsN5ZktImfhLA==, registry: https://registry.npm.taobao.org/, tarball: https://registry.npmmirror.com/object-keys/-/object-keys-1.1.1.tgz}
    name: object-keys
    version: 1.1.1
    engines: {node: '>= 0.4'}
    dev: true

  registry.npmmirror.com/object.assign/4.1.4:
    resolution: {integrity: sha512-1mxKf0e58bvyjSCtKYY4sRe9itRk3PJpquJOjeIkz885CczcI4IvJJDLPS72oowuSh+pBxUFROpX+TU++hxhZQ==, registry: https://registry.npm.taobao.org/, tarball: https://registry.npmmirror.com/object.assign/-/object.assign-4.1.4.tgz}
    name: object.assign
    version: 4.1.4
    engines: {node: '>= 0.4'}
    dependencies:
      call-bind: registry.npmmirror.com/call-bind/1.0.2
      define-properties: registry.npmmirror.com/define-properties/1.1.4
      has-symbols: registry.npmmirror.com/has-symbols/1.0.3
      object-keys: registry.npmmirror.com/object-keys/1.1.1
    dev: true

  registry.npmmirror.com/promises-aplus-tests/2.1.2:
    resolution: {integrity: sha512-XiDfjQqx+rHLof8CU9xPOMLsjiXXxr3fkjE7WJjUzXttffB8K/nsnNsPTcwS4VvHliSjGVsYVqIjFeTHw53f5w==, registry: https://registry.npm.taobao.org/, tarball: https://registry.npmmirror.com/promises-aplus-tests/-/promises-aplus-tests-2.1.2.tgz}
    name: promises-aplus-tests
    version: 2.1.2
    hasBin: true
    dependencies:
      mocha: registry.npmmirror.com/mocha/2.5.3
      sinon: registry.npmmirror.com/sinon/1.17.7
      underscore: registry.npmmirror.com/underscore/1.8.3
    dev: true

  registry.npmmirror.com/regexp.prototype.flags/1.4.3:
    resolution: {integrity: sha512-fjggEOO3slI6Wvgjwflkc4NFRCTZAu5CnNfBd5qOMYhWdn67nJBBu34/TkD++eeFmd8C9r9jfXJ27+nSiRkSUA==, registry: https://registry.npm.taobao.org/, tarball: https://registry.npmmirror.com/regexp.prototype.flags/-/regexp.prototype.flags-1.4.3.tgz}
    name: regexp.prototype.flags
    version: 1.4.3
    engines: {node: '>= 0.4'}
    dependencies:
      call-bind: registry.npmmirror.com/call-bind/1.0.2
      define-properties: registry.npmmirror.com/define-properties/1.1.4
      functions-have-names: registry.npmmirror.com/functions-have-names/1.2.3
    dev: true

  registry.npmmirror.com/safe-buffer/5.2.1:
    resolution: {integrity: sha512-rp3So07KcdmmKbGvgaNxQSJr7bGVSVk5S9Eq1F+ppbRo70+YeaDxkw5Dd8NPN+GD6bjnYm2VuPuCXmpuYvmCXQ==, registry: https://registry.npm.taobao.org/, tarball: https://registry.npmmirror.com/safe-buffer/-/safe-buffer-5.2.1.tgz}
    name: safe-buffer
    version: 5.2.1
    dev: true

  registry.npmmirror.com/samsam/1.1.2:
    resolution: {integrity: sha512-iVL7LibpM3tl4rQPweOXXrmjGegxx27flTOjQEZD3PXe4oZNFzuz6Si4mgleK/JWU/hyCvtV01RUovjvBEpDmw==, registry: https://registry.npm.taobao.org/, tarball: https://registry.npmmirror.com/samsam/-/samsam-1.1.2.tgz}
    name: samsam
    version: 1.1.2
    deprecated: This package has been deprecated in favour of @sinonjs/samsam
    dev: true

  registry.npmmirror.com/side-channel/1.0.4:
    resolution: {integrity: sha512-q5XPytqFEIKHkGdiMIrY10mvLRvnQh42/+GoBlFW3b2LXLE2xxJpZFdm94we0BaoV3RwJyGqg5wS7epxTv0Zvw==, registry: https://registry.npm.taobao.org/, tarball: https://registry.npmmirror.com/side-channel/-/side-channel-1.0.4.tgz}
    name: side-channel
    version: 1.0.4
    dependencies:
      call-bind: registry.npmmirror.com/call-bind/1.0.2
      get-intrinsic: registry.npmmirror.com/get-intrinsic/1.1.2
      object-inspect: registry.npmmirror.com/object-inspect/1.12.2
    dev: true

  registry.npmmirror.com/sigmund/1.0.1:
    resolution: {integrity: sha512-fCvEXfh6NWpm+YSuY2bpXb/VIihqWA6hLsgboC+0nl71Q7N7o2eaCW8mJa/NLvQhs6jpd3VZV4UiUQlV6+lc8g==, registry: https://registry.npm.taobao.org/, tarball: https://registry.npmmirror.com/sigmund/-/sigmund-1.0.1.tgz}
    name: sigmund
    version: 1.0.1
    dev: true

  registry.npmmirror.com/sinon/1.17.7:
    resolution: {integrity: sha512-M9rtyQxKfcTTdB64rpPSRaTzOvunb+HHPv/3PxvNPrEDnFSny95Pi6/3VoD471ody0ay0IHyzT3BErfcLXj6NA==, registry: https://registry.npm.taobao.org/, tarball: https://registry.npmmirror.com/sinon/-/sinon-1.17.7.tgz}
    name: sinon
    version: 1.17.7
    engines: {node: '>=0.1.103'}
    dependencies:
      formatio: registry.npmmirror.com/formatio/1.1.1
      lolex: registry.npmmirror.com/lolex/1.3.2
      samsam: registry.npmmirror.com/samsam/1.1.2
      util: registry.npmmirror.com/util/0.12.4
    dev: true

  registry.npmmirror.com/string.prototype.trimend/1.0.5:
    resolution: {integrity: sha512-I7RGvmjV4pJ7O3kdf+LXFpVfdNOxtCW/2C8f6jNiW4+PQchwxkCDzlk1/7p+Wl4bqFIZeF47qAHXLuHHWKAxog==, registry: https://registry.npm.taobao.org/, tarball: https://registry.npmmirror.com/string.prototype.trimend/-/string.prototype.trimend-1.0.5.tgz}
    name: string.prototype.trimend
    version: 1.0.5
    dependencies:
      call-bind: registry.npmmirror.com/call-bind/1.0.2
      define-properties: registry.npmmirror.com/define-properties/1.1.4
      es-abstract: registry.npmmirror.com/es-abstract/1.20.2
    dev: true

  registry.npmmirror.com/string.prototype.trimstart/1.0.5:
    resolution: {integrity: sha512-THx16TJCGlsN0o6dl2o6ncWUsdgnLRSA23rRE5pyGBw/mLr3Ej/R2LaqCtgP8VNMGZsvMWnf9ooZPyY2bHvUFg==, registry: https://registry.npm.taobao.org/, tarball: https://registry.npmmirror.com/string.prototype.trimstart/-/string.prototype.trimstart-1.0.5.tgz}
    name: string.prototype.trimstart
    version: 1.0.5
    dependencies:
      call-bind: registry.npmmirror.com/call-bind/1.0.2
      define-properties: registry.npmmirror.com/define-properties/1.1.4
      es-abstract: registry.npmmirror.com/es-abstract/1.20.2
    dev: true

  registry.npmmirror.com/supports-color/1.2.0:
    resolution: {integrity: sha512-mS5xsnjTh5b7f2DM6bch6lR582UCOTphzINlZnDsfpIRrwI6r58rb6YSSGsdexkm8qw2bBVO2ID2fnJOTuLiPA==, registry: https://registry.npm.taobao.org/, tarball: https://registry.npmmirror.com/supports-color/-/supports-color-1.2.0.tgz}
    name: supports-color
    version: 1.2.0
    engines: {node: '>=0.10.0'}
    hasBin: true
    dev: true

  registry.npmmirror.com/to-iso-string/0.0.2:
    resolution: {integrity: sha512-oeHLgfWA7d0CPQa6h0+i5DAJZISz5un0d5SHPkw+Untclcvzv9T+AC3CvGXlZJdOlIbxbTfyyzlqCXc5hjpXYg==, registry: https://registry.npm.taobao.org/, tarball: https://registry.npmmirror.com/to-iso-string/-/to-iso-string-0.0.2.tgz}
    name: to-iso-string
    version: 0.0.2
    deprecated: to-iso-string has been deprecated, use @segment/to-iso-string instead.
    dev: true

  registry.npmmirror.com/unbox-primitive/1.0.2:
    resolution: {integrity: sha512-61pPlCD9h51VoreyJ0BReideM3MDKMKnh6+V9L08331ipq6Q8OFXZYiqP6n/tbHx4s5I9uRhcye6BrbkizkBDw==, registry: https://registry.npm.taobao.org/, tarball: https://registry.npmmirror.com/unbox-primitive/-/unbox-primitive-1.0.2.tgz}
    name: unbox-primitive
    version: 1.0.2
    dependencies:
      call-bind: registry.npmmirror.com/call-bind/1.0.2
      has-bigints: registry.npmmirror.com/has-bigints/1.0.2
      has-symbols: registry.npmmirror.com/has-symbols/1.0.3
      which-boxed-primitive: registry.npmmirror.com/which-boxed-primitive/1.0.2
    dev: true

  registry.npmmirror.com/underscore/1.8.3:
    resolution: {integrity: sha512-5WsVTFcH1ut/kkhAaHf4PVgI8c7++GiVcpCGxPouI6ZVjsqPnSDf8h/8HtVqc0t4fzRXwnMK70EcZeAs3PIddg==, registry: https://registry.npm.taobao.org/, tarball: https://registry.npmmirror.com/underscore/-/underscore-1.8.3.tgz}
    name: underscore
    version: 1.8.3
    dev: true

  registry.npmmirror.com/util/0.12.4:
    resolution: {integrity: sha512-bxZ9qtSlGUWSOy9Qa9Xgk11kSslpuZwaxCg4sNIDj6FLucDab2JxnHwyNTCpHMtK1MjoQiWQ6DiUMZYbSrO+Sw==, registry: https://registry.npm.taobao.org/, tarball: https://registry.npmmirror.com/util/-/util-0.12.4.tgz}
    name: util
    version: 0.12.4
    dependencies:
      inherits: registry.npmmirror.com/inherits/2.0.4
      is-arguments: registry.npmmirror.com/is-arguments/1.1.1
      is-generator-function: registry.npmmirror.com/is-generator-function/1.0.10
      is-typed-array: registry.npmmirror.com/is-typed-array/1.1.9
      safe-buffer: registry.npmmirror.com/safe-buffer/5.2.1
      which-typed-array: registry.npmmirror.com/which-typed-array/1.1.8
    dev: true

  registry.npmmirror.com/which-boxed-primitive/1.0.2:
    resolution: {integrity: sha512-bwZdv0AKLpplFY2KZRX6TvyuN7ojjr7lwkg6ml0roIy9YeuSr7JS372qlNW18UQYzgYK9ziGcerWqZOmEn9VNg==, registry: https://registry.npm.taobao.org/, tarball: https://registry.npmmirror.com/which-boxed-primitive/-/which-boxed-primitive-1.0.2.tgz}
    name: which-boxed-primitive
    version: 1.0.2
    dependencies:
      is-bigint: registry.npmmirror.com/is-bigint/1.0.4
      is-boolean-object: registry.npmmirror.com/is-boolean-object/1.1.2
      is-number-object: registry.npmmirror.com/is-number-object/1.0.7
      is-string: registry.npmmirror.com/is-string/1.0.7
      is-symbol: registry.npmmirror.com/is-symbol/1.0.4
    dev: true

  registry.npmmirror.com/which-typed-array/1.1.8:
    resolution: {integrity: sha512-Jn4e5PItbcAHyLoRDwvPj1ypu27DJbtdYXUa5zsinrUx77Uvfb0cXwwnGMTn7cjUfhhqgVQnVJCwF+7cgU7tpw==, registry: https://registry.npm.taobao.org/, tarball: https://registry.npmmirror.com/which-typed-array/-/which-typed-array-1.1.8.tgz}
    name: which-typed-array
    version: 1.1.8
    engines: {node: '>= 0.4'}
    dependencies:
      available-typed-arrays: registry.npmmirror.com/available-typed-arrays/1.0.5
      call-bind: registry.npmmirror.com/call-bind/1.0.2
      es-abstract: registry.npmmirror.com/es-abstract/1.20.2
      for-each: registry.npmmirror.com/for-each/0.3.3
      has-tostringtag: registry.npmmirror.com/has-tostringtag/1.0.0
      is-typed-array: registry.npmmirror.com/is-typed-array/1.1.9
    dev: true
